
Microsoft Visual Studio Solution File, Format Version 12.00
# Visual Studio Version 16
VisualStudioVersion = 16.0.30114.105
MinimumVisualStudioVersion = 10.0.40219.1
Project("{FAE04EC0-301F-11D3-BF4B-00C04F79EFBC}") = "Penguin.Cms.Forms.Repositories.Local", "Penguin.Cms.Forms.Repositories.Local.csproj", "{EA19C68D-C8E2-444A-9451-B1DBDBEF565B}"
EndProject
Project("{FAE04EC0-301F-11D3-BF4B-00C04F79EFBC}") = "Penguin.Security.Abstractions.Local", "..\Penguin.Security.Abstractions\Penguin.Security.Abstractions.Local.csproj", "{17D42CB5-78BA-48D1-8D8E-33E2396B3E8C}"
EndProject
Project("{FAE04EC0-301F-11D3-BF4B-00C04F79EFBC}") = "Penguin.Cms.Forms.Local", "..\Penguin.Cms.Forms\Penguin.Cms.Forms.Local.csproj", "{FFF9688A-5BDA-41D3-88DC-E06A4863BE6D}"
EndProject
Project("{FAE04EC0-301F-11D3-BF4B-00C04F79EFBC}") = "Penguin.Forms.Abstractions.Local", "..\Penguin.Forms.Abstractions\Penguin.Forms.Abstractions.Local.csproj", "{8F8ECF7A-6A32-44BA-855B-1E4048D45ABF}"
EndProject
Project("{FAE04EC0-301F-11D3-BF4B-00C04F79EFBC}") = "Penguin.Cms.Abstractions.Local", "..\Penguin.Cms.Abstractions\Penguin.Cms.Abstractions.Local.csproj", "{A53C7C09-F2A6-4435-9255-9A30E84F3098}"
EndProject
Project("{FAE04EC0-301F-11D3-BF4B-00C04F79EFBC}") = "Penguin.DependencyInjection.Abstractions.Local", "..\Penguin.DependencyInjection.Abstractions\Penguin.DependencyInjection.Abstractions.Local.csproj", "{AA72A441-19B7-4E34-9576-F485612793EC}"
EndProject
Project("{FAE04EC0-301F-11D3-BF4B-00C04F79EFBC}") = "Penguin.Persistence.Abstractions.Local", "..\Penguin.Persistence.Abstractions\Penguin.Persistence.Abstractions.Local.csproj", "{CAB66FA9-9AD6-41B4-813B-02DDC1E244DE}"
EndProject
Project("{FAE04EC0-301F-11D3-BF4B-00C04F79EFBC}") = "Penguin.Entities.Abstractions.Local", "..\Penguin.Entities.Abstractions\Penguin.Entities.Abstractions.Local.csproj", "{5319DF8B-558F-4594-8DFB-741825FC37C8}"
EndProject
Project("{FAE04EC0-301F-11D3-BF4B-00C04F79EFBC}") = "Penguin.Reflection.Extensions.Local", "..\Penguin.Reflection.Extensions\Penguin.Reflection.Extensions.Local.csproj", "{54387735-1F82-4AD8-9915-484C337581C3}"
EndProject
Project("{FAE04EC0-301F-11D3-BF4B-00C04F79EFBC}") = "Penguin.Reflection.Abstractions.Local", "..\Penguin.Reflection.Abstractions\Penguin.Reflection.Abstractions.Local.csproj", "{1F78A86A-402E-47AE-94E5-6F8367F6C978}"
EndProject
Project("{FAE04EC0-301F-11D3-BF4B-00C04F79EFBC}") = "Penguin.Extensions.String.Local", "..\Penguin.Extensions.String\Penguin.Extensions.String.Local.csproj", "{420DE660-3C72-40FD-A2C7-72B2A6DA51AE}"
EndProject
Project("{FAE04EC0-301F-11D3-BF4B-00C04F79EFBC}") = "Penguin.Cms.Entities.Local", "..\Penguin.Cms.Entities\Penguin.Cms.Entities.Local.csproj", "{96022ABB-C8F3-4977-A10E-691E7BAE02A4}"
EndProject
Project("{FAE04EC0-301F-11D3-BF4B-00C04F79EFBC}") = "Penguin.Cms.Repositories.Local", "..\Penguin.Cms.Repositories\Penguin.Cms.Repositories.Local.csproj", "{FC156EA5-1685-4E4D-8044-0475BF0BA468}"
EndProject
Project("{FAE04EC0-301F-11D3-BF4B-00C04F79EFBC}") = "Penguin.Persistence.Repositories.Local", "..\Penguin.Persistence.Repositories\Penguin.Persistence.Repositories.Local.csproj", "{81A647D4-BD20-4086-93BD-B10397D6F2CD}"
EndProject
Project("{FAE04EC0-301F-11D3-BF4B-00C04F79EFBC}") = "Penguin.Messaging.Persistence.Local", "..\Penguin.Messaging.Persistence\Penguin.Messaging.Persistence.Local.csproj", "{5FBD3DC0-C0BC-4837-8FC2-5804F06E7EA9}"
EndProject
Project("{FAE04EC0-301F-11D3-BF4B-00C04F79EFBC}") = "Penguin.Messaging.Abstractions.Local", "..\Penguin.Messaging.Abstractions\Penguin.Messaging.Abstractions.Local.csproj", "{041BB162-449F-4D22-86DA-0927A385C77E}"
EndProject
Project("{FAE04EC0-301F-11D3-BF4B-00C04F79EFBC}") = "Penguin.Messaging.Core.Local", "..\Penguin.Messaging.Core\Penguin.Messaging.Core.Local.csproj", "{45DF1418-25A2-422C-98FC-0D524F2A97DE}"
EndProject
Project("{FAE04EC0-301F-11D3-BF4B-00C04F79EFBC}") = "Penguin.Debugging.Local", "..\Penguin.Debugging\Penguin.Debugging.Local.csproj", "{D8E732A5-A672-4819-8C71-EE9F93EC7889}"
EndProject
Project("{FAE04EC0-301F-11D3-BF4B-00C04F79EFBC}") = "Penguin.Extensions.Exceptions.Local", "..\Penguin.Extensions.Exceptions\Penguin.Extensions.Exceptions.Local.csproj", "{C022638F-36C6-4EF7-A7EA-ABEA5161F1AB}"
EndProject
Project("{FAE04EC0-301F-11D3-BF4B-00C04F79EFBC}") = "Penguin.Reflection.Local", "..\Penguin.Reflection\Penguin.Reflection.Local.csproj", "{674E9003-1F30-4CF3-A85F-A5CD24898BB2}"
EndProject
Global
	GlobalSection(SolutionConfigurationPlatforms) = preSolution
		Debug|Any CPU = Debug|Any CPU
		Debug|x64 = Debug|x64
		Debug|x86 = Debug|x86
		Release|Any CPU = Release|Any CPU
		Release|x64 = Release|x64
		Release|x86 = Release|x86
	EndGlobalSection
	GlobalSection(SolutionProperties) = preSolution
		HideSolutionNode = FALSE
	EndGlobalSection
	GlobalSection(ProjectConfigurationPlatforms) = postSolution
		{EA19C68D-C8E2-444A-9451-B1DBDBEF565B}.Debug|Any CPU.ActiveCfg = Debug|Any CPU
		{EA19C68D-C8E2-444A-9451-B1DBDBEF565B}.Debug|Any CPU.Build.0 = Debug|Any CPU
		{EA19C68D-C8E2-444A-9451-B1DBDBEF565B}.Debug|x64.ActiveCfg = Debug|Any CPU
		{EA19C68D-C8E2-444A-9451-B1DBDBEF565B}.Debug|x64.Build.0 = Debug|Any CPU
		{EA19C68D-C8E2-444A-9451-B1DBDBEF565B}.Debug|x86.ActiveCfg = Debug|Any CPU
		{EA19C68D-C8E2-444A-9451-B1DBDBEF565B}.Debug|x86.Build.0 = Debug|Any CPU
		{EA19C68D-C8E2-444A-9451-B1DBDBEF565B}.Release|Any CPU.ActiveCfg = Release|Any CPU
		{EA19C68D-C8E2-444A-9451-B1DBDBEF565B}.Release|Any CPU.Build.0 = Release|Any CPU
		{EA19C68D-C8E2-444A-9451-B1DBDBEF565B}.Release|x64.ActiveCfg = Release|Any CPU
		{EA19C68D-C8E2-444A-9451-B1DBDBEF565B}.Release|x64.Build.0 = Release|Any CPU
		{EA19C68D-C8E2-444A-9451-B1DBDBEF565B}.Release|x86.ActiveCfg = Release|Any CPU
		{EA19C68D-C8E2-444A-9451-B1DBDBEF565B}.Release|x86.Build.0 = Release|Any CPU
		{17D42CB5-78BA-48D1-8D8E-33E2396B3E8C}.Debug|Any CPU.ActiveCfg = Debug|Any CPU
		{17D42CB5-78BA-48D1-8D8E-33E2396B3E8C}.Debug|Any CPU.Build.0 = Debug|Any CPU
		{17D42CB5-78BA-48D1-8D8E-33E2396B3E8C}.Debug|x64.ActiveCfg = Debug|Any CPU
		{17D42CB5-78BA-48D1-8D8E-33E2396B3E8C}.Debug|x64.Build.0 = Debug|Any CPU
		{17D42CB5-78BA-48D1-8D8E-33E2396B3E8C}.Debug|x86.ActiveCfg = Debug|Any CPU
		{17D42CB5-78BA-48D1-8D8E-33E2396B3E8C}.Debug|x86.Build.0 = Debug|Any CPU
		{17D42CB5-78BA-48D1-8D8E-33E2396B3E8C}.Release|Any CPU.ActiveCfg = Release|Any CPU
		{17D42CB5-78BA-48D1-8D8E-33E2396B3E8C}.Release|Any CPU.Build.0 = Release|Any CPU
		{17D42CB5-78BA-48D1-8D8E-33E2396B3E8C}.Release|x64.ActiveCfg = Release|Any CPU
		{17D42CB5-78BA-48D1-8D8E-33E2396B3E8C}.Release|x64.Build.0 = Release|Any CPU
		{17D42CB5-78BA-48D1-8D8E-33E2396B3E8C}.Release|x86.ActiveCfg = Release|Any CPU
		{17D42CB5-78BA-48D1-8D8E-33E2396B3E8C}.Release|x86.Build.0 = Release|Any CPU
		{FFF9688A-5BDA-41D3-88DC-E06A4863BE6D}.Debug|Any CPU.ActiveCfg = Debug|Any CPU
		{FFF9688A-5BDA-41D3-88DC-E06A4863BE6D}.Debug|Any CPU.Build.0 = Debug|Any CPU
		{FFF9688A-5BDA-41D3-88DC-E06A4863BE6D}.Debug|x64.ActiveCfg = Debug|Any CPU
		{FFF9688A-5BDA-41D3-88DC-E06A4863BE6D}.Debug|x64.Build.0 = Debug|Any CPU
		{FFF9688A-5BDA-41D3-88DC-E06A4863BE6D}.Debug|x86.ActiveCfg = Debug|Any CPU
		{FFF9688A-5BDA-41D3-88DC-E06A4863BE6D}.Debug|x86.Build.0 = Debug|Any CPU
		{FFF9688A-5BDA-41D3-88DC-E06A4863BE6D}.Release|Any CPU.ActiveCfg = Release|Any CPU
		{FFF9688A-5BDA-41D3-88DC-E06A4863BE6D}.Release|Any CPU.Build.0 = Release|Any CPU
		{FFF9688A-5BDA-41D3-88DC-E06A4863BE6D}.Release|x64.ActiveCfg = Release|Any CPU
		{FFF9688A-5BDA-41D3-88DC-E06A4863BE6D}.Release|x64.Build.0 = Release|Any CPU
		{FFF9688A-5BDA-41D3-88DC-E06A4863BE6D}.Release|x86.ActiveCfg = Release|Any CPU
		{FFF9688A-5BDA-41D3-88DC-E06A4863BE6D}.Release|x86.Build.0 = Release|Any CPU
		{8F8ECF7A-6A32-44BA-855B-1E4048D45ABF}.Debug|Any CPU.ActiveCfg = Debug|Any CPU
		{8F8ECF7A-6A32-44BA-855B-1E4048D45ABF}.Debug|Any CPU.Build.0 = Debug|Any CPU
		{8F8ECF7A-6A32-44BA-855B-1E4048D45ABF}.Debug|x64.ActiveCfg = Debug|Any CPU
		{8F8ECF7A-6A32-44BA-855B-1E4048D45ABF}.Debug|x64.Build.0 = Debug|Any CPU
		{8F8ECF7A-6A32-44BA-855B-1E4048D45ABF}.Debug|x86.ActiveCfg = Debug|Any CPU
		{8F8ECF7A-6A32-44BA-855B-1E4048D45ABF}.Debug|x86.Build.0 = Debug|Any CPU
		{8F8ECF7A-6A32-44BA-855B-1E4048D45ABF}.Release|Any CPU.ActiveCfg = Release|Any CPU
		{8F8ECF7A-6A32-44BA-855B-1E4048D45ABF}.Release|Any CPU.Build.0 = Release|Any CPU
		{8F8ECF7A-6A32-44BA-855B-1E4048D45ABF}.Release|x64.ActiveCfg = Release|Any CPU
		{8F8ECF7A-6A32-44BA-855B-1E4048D45ABF}.Release|x64.Build.0 = Release|Any CPU
		{8F8ECF7A-6A32-44BA-855B-1E4048D45ABF}.Release|x86.ActiveCfg = Release|Any CPU
		{8F8ECF7A-6A32-44BA-855B-1E4048D45ABF}.Release|x86.Build.0 = Release|Any CPU
		{A53C7C09-F2A6-4435-9255-9A30E84F3098}.Debug|Any CPU.ActiveCfg = Debug|Any CPU
		{A53C7C09-F2A6-4435-9255-9A30E84F3098}.Debug|Any CPU.Build.0 = Debug|Any CPU
		{A53C7C09-F2A6-4435-9255-9A30E84F3098}.Debug|x64.ActiveCfg = Debug|Any CPU
		{A53C7C09-F2A6-4435-9255-9A30E84F3098}.Debug|x64.Build.0 = Debug|Any CPU
		{A53C7C09-F2A6-4435-9255-9A30E84F3098}.Debug|x86.ActiveCfg = Debug|Any CPU
		{A53C7C09-F2A6-4435-9255-9A30E84F3098}.Debug|x86.Build.0 = Debug|Any CPU
		{A53C7C09-F2A6-4435-9255-9A30E84F3098}.Release|Any CPU.ActiveCfg = Release|Any CPU
		{A53C7C09-F2A6-4435-9255-9A30E84F3098}.Release|Any CPU.Build.0 = Release|Any CPU
		{A53C7C09-F2A6-4435-9255-9A30E84F3098}.Release|x64.ActiveCfg = Release|Any CPU
		{A53C7C09-F2A6-4435-9255-9A30E84F3098}.Release|x64.Build.0 = Release|Any CPU
		{A53C7C09-F2A6-4435-9255-9A30E84F3098}.Release|x86.ActiveCfg = Release|Any CPU
		{A53C7C09-F2A6-4435-9255-9A30E84F3098}.Release|x86.Build.0 = Release|Any CPU
		{AA72A441-19B7-4E34-9576-F485612793EC}.Debug|Any CPU.ActiveCfg = Debug|Any CPU
		{AA72A441-19B7-4E34-9576-F485612793EC}.Debug|Any CPU.Build.0 = Debug|Any CPU
		{AA72A441-19B7-4E34-9576-F485612793EC}.Debug|x64.ActiveCfg = Debug|Any CPU
		{AA72A441-19B7-4E34-9576-F485612793EC}.Debug|x64.Build.0 = Debug|Any CPU
		{AA72A441-19B7-4E34-9576-F485612793EC}.Debug|x86.ActiveCfg = Debug|Any CPU
		{AA72A441-19B7-4E34-9576-F485612793EC}.Debug|x86.Build.0 = Debug|Any CPU
		{AA72A441-19B7-4E34-9576-F485612793EC}.Release|Any CPU.ActiveCfg = Release|Any CPU
		{AA72A441-19B7-4E34-9576-F485612793EC}.Release|Any CPU.Build.0 = Release|Any CPU
		{AA72A441-19B7-4E34-9576-F485612793EC}.Release|x64.ActiveCfg = Release|Any CPU
		{AA72A441-19B7-4E34-9576-F485612793EC}.Release|x64.Build.0 = Release|Any CPU
		{AA72A441-19B7-4E34-9576-F485612793EC}.Release|x86.ActiveCfg = Release|Any CPU
		{AA72A441-19B7-4E34-9576-F485612793EC}.Release|x86.Build.0 = Release|Any CPU
		{CAB66FA9-9AD6-41B4-813B-02DDC1E244DE}.Debug|Any CPU.ActiveCfg = Debug|Any CPU
		{CAB66FA9-9AD6-41B4-813B-02DDC1E244DE}.Debug|Any CPU.Build.0 = Debug|Any CPU
		{CAB66FA9-9AD6-41B4-813B-02DDC1E244DE}.Debug|x64.ActiveCfg = Debug|Any CPU
		{CAB66FA9-9AD6-41B4-813B-02DDC1E244DE}.Debug|x64.Build.0 = Debug|Any CPU
		{CAB66FA9-9AD6-41B4-813B-02DDC1E244DE}.Debug|x86.ActiveCfg = Debug|Any CPU
		{CAB66FA9-9AD6-41B4-813B-02DDC1E244DE}.Debug|x86.Build.0 = Debug|Any CPU
		{CAB66FA9-9AD6-41B4-813B-02DDC1E244DE}.Release|Any CPU.ActiveCfg = Release|Any CPU
		{CAB66FA9-9AD6-41B4-813B-02DDC1E244DE}.Release|Any CPU.Build.0 = Release|Any CPU
		{CAB66FA9-9AD6-41B4-813B-02DDC1E244DE}.Release|x64.ActiveCfg = Release|Any CPU
		{CAB66FA9-9AD6-41B4-813B-02DDC1E244DE}.Release|x64.Build.0 = Release|Any CPU
		{CAB66FA9-9AD6-41B4-813B-02DDC1E244DE}.Release|x86.ActiveCfg = Release|Any CPU
		{CAB66FA9-9AD6-41B4-813B-02DDC1E244DE}.Release|x86.Build.0 = Release|Any CPU
		{5319DF8B-558F-4594-8DFB-741825FC37C8}.Debug|Any CPU.ActiveCfg = Debug|Any CPU
		{5319DF8B-558F-4594-8DFB-741825FC37C8}.Debug|Any CPU.Build.0 = Debug|Any CPU
		{5319DF8B-558F-4594-8DFB-741825FC37C8}.Debug|x64.ActiveCfg = Debug|Any CPU
		{5319DF8B-558F-4594-8DFB-741825FC37C8}.Debug|x64.Build.0 = Debug|Any CPU
		{5319DF8B-558F-4594-8DFB-741825FC37C8}.Debug|x86.ActiveCfg = Debug|Any CPU
		{5319DF8B-558F-4594-8DFB-741825FC37C8}.Debug|x86.Build.0 = Debug|Any CPU
		{5319DF8B-558F-4594-8DFB-741825FC37C8}.Release|Any CPU.ActiveCfg = Release|Any CPU
		{5319DF8B-558F-4594-8DFB-741825FC37C8}.Release|Any CPU.Build.0 = Release|Any CPU
		{5319DF8B-558F-4594-8DFB-741825FC37C8}.Release|x64.ActiveCfg = Release|Any CPU
		{5319DF8B-558F-4594-8DFB-741825FC37C8}.Release|x64.Build.0 = Release|Any CPU
		{5319DF8B-558F-4594-8DFB-741825FC37C8}.Release|x86.ActiveCfg = Release|Any CPU
		{5319DF8B-558F-4594-8DFB-741825FC37C8}.Release|x86.Build.0 = Release|Any CPU
		{54387735-1F82-4AD8-9915-484C337581C3}.Debug|Any CPU.ActiveCfg = Debug|Any CPU
		{54387735-1F82-4AD8-9915-484C337581C3}.Debug|Any CPU.Build.0 = Debug|Any CPU
		{54387735-1F82-4AD8-9915-484C337581C3}.Debug|x64.ActiveCfg = Debug|Any CPU
		{54387735-1F82-4AD8-9915-484C337581C3}.Debug|x64.Build.0 = Debug|Any CPU
		{54387735-1F82-4AD8-9915-484C337581C3}.Debug|x86.ActiveCfg = Debug|Any CPU
		{54387735-1F82-4AD8-9915-484C337581C3}.Debug|x86.Build.0 = Debug|Any CPU
		{54387735-1F82-4AD8-9915-484C337581C3}.Release|Any CPU.ActiveCfg = Release|Any CPU
		{54387735-1F82-4AD8-9915-484C337581C3}.Release|Any CPU.Build.0 = Release|Any CPU
		{54387735-1F82-4AD8-9915-484C337581C3}.Release|x64.ActiveCfg = Release|Any CPU
		{54387735-1F82-4AD8-9915-484C337581C3}.Release|x64.Build.0 = Release|Any CPU
		{54387735-1F82-4AD8-9915-484C337581C3}.Release|x86.ActiveCfg = Release|Any CPU
		{54387735-1F82-4AD8-9915-484C337581C3}.Release|x86.Build.0 = Release|Any CPU
		{1F78A86A-402E-47AE-94E5-6F8367F6C978}.Debug|Any CPU.ActiveCfg = Debug|Any CPU
		{1F78A86A-402E-47AE-94E5-6F8367F6C978}.Debug|Any CPU.Build.0 = Debug|Any CPU
		{1F78A86A-402E-47AE-94E5-6F8367F6C978}.Debug|x64.ActiveCfg = Debug|Any CPU
		{1F78A86A-402E-47AE-94E5-6F8367F6C978}.Debug|x64.Build.0 = Debug|Any CPU
		{1F78A86A-402E-47AE-94E5-6F8367F6C978}.Debug|x86.ActiveCfg = Debug|Any CPU
		{1F78A86A-402E-47AE-94E5-6F8367F6C978}.Debug|x86.Build.0 = Debug|Any CPU
		{1F78A86A-402E-47AE-94E5-6F8367F6C978}.Release|Any CPU.ActiveCfg = Release|Any CPU
		{1F78A86A-402E-47AE-94E5-6F8367F6C978}.Release|Any CPU.Build.0 = Release|Any CPU
		{1F78A86A-402E-47AE-94E5-6F8367F6C978}.Release|x64.ActiveCfg = Release|Any CPU
		{1F78A86A-402E-47AE-94E5-6F8367F6C978}.Release|x64.Build.0 = Release|Any CPU
		{1F78A86A-402E-47AE-94E5-6F8367F6C978}.Release|x86.ActiveCfg = Release|Any CPU
		{1F78A86A-402E-47AE-94E5-6F8367F6C978}.Release|x86.Build.0 = Release|Any CPU
		{420DE660-3C72-40FD-A2C7-72B2A6DA51AE}.Debug|Any CPU.ActiveCfg = Debug|Any CPU
		{420DE660-3C72-40FD-A2C7-72B2A6DA51AE}.Debug|Any CPU.Build.0 = Debug|Any CPU
		{420DE660-3C72-40FD-A2C7-72B2A6DA51AE}.Debug|x64.ActiveCfg = Debug|Any CPU
		{420DE660-3C72-40FD-A2C7-72B2A6DA51AE}.Debug|x64.Build.0 = Debug|Any CPU
		{420DE660-3C72-40FD-A2C7-72B2A6DA51AE}.Debug|x86.ActiveCfg = Debug|Any CPU
		{420DE660-3C72-40FD-A2C7-72B2A6DA51AE}.Debug|x86.Build.0 = Debug|Any CPU
		{420DE660-3C72-40FD-A2C7-72B2A6DA51AE}.Release|Any CPU.ActiveCfg = Release|Any CPU
		{420DE660-3C72-40FD-A2C7-72B2A6DA51AE}.Release|Any CPU.Build.0 = Release|Any CPU
		{420DE660-3C72-40FD-A2C7-72B2A6DA51AE}.Release|x64.ActiveCfg = Release|Any CPU
		{420DE660-3C72-40FD-A2C7-72B2A6DA51AE}.Release|x64.Build.0 = Release|Any CPU
		{420DE660-3C72-40FD-A2C7-72B2A6DA51AE}.Release|x86.ActiveCfg = Release|Any CPU
		{420DE660-3C72-40FD-A2C7-72B2A6DA51AE}.Release|x86.Build.0 = Release|Any CPU
		{96022ABB-C8F3-4977-A10E-691E7BAE02A4}.Debug|Any CPU.ActiveCfg = Debug|Any CPU
		{96022ABB-C8F3-4977-A10E-691E7BAE02A4}.Debug|Any CPU.Build.0 = Debug|Any CPU
		{96022ABB-C8F3-4977-A10E-691E7BAE02A4}.Debug|x64.ActiveCfg = Debug|Any CPU
		{96022ABB-C8F3-4977-A10E-691E7BAE02A4}.Debug|x64.Build.0 = Debug|Any CPU
		{96022ABB-C8F3-4977-A10E-691E7BAE02A4}.Debug|x86.ActiveCfg = Debug|Any CPU
		{96022ABB-C8F3-4977-A10E-691E7BAE02A4}.Debug|x86.Build.0 = Debug|Any CPU
		{96022ABB-C8F3-4977-A10E-691E7BAE02A4}.Release|Any CPU.ActiveCfg = Release|Any CPU
		{96022ABB-C8F3-4977-A10E-691E7BAE02A4}.Release|Any CPU.Build.0 = Release|Any CPU
		{96022ABB-C8F3-4977-A10E-691E7BAE02A4}.Release|x64.ActiveCfg = Release|Any CPU
		{96022ABB-C8F3-4977-A10E-691E7BAE02A4}.Release|x64.Build.0 = Release|Any CPU
		{96022ABB-C8F3-4977-A10E-691E7BAE02A4}.Release|x86.ActiveCfg = Release|Any CPU
		{96022ABB-C8F3-4977-A10E-691E7BAE02A4}.Release|x86.Build.0 = Release|Any CPU
		{FC156EA5-1685-4E4D-8044-0475BF0BA468}.Debug|Any CPU.ActiveCfg = Debug|Any CPU
		{FC156EA5-1685-4E4D-8044-0475BF0BA468}.Debug|Any CPU.Build.0 = Debug|Any CPU
		{FC156EA5-1685-4E4D-8044-0475BF0BA468}.Debug|x64.ActiveCfg = Debug|Any CPU
		{FC156EA5-1685-4E4D-8044-0475BF0BA468}.Debug|x64.Build.0 = Debug|Any CPU
		{FC156EA5-1685-4E4D-8044-0475BF0BA468}.Debug|x86.ActiveCfg = Debug|Any CPU
		{FC156EA5-1685-4E4D-8044-0475BF0BA468}.Debug|x86.Build.0 = Debug|Any CPU
		{FC156EA5-1685-4E4D-8044-0475BF0BA468}.Release|Any CPU.ActiveCfg = Release|Any CPU
		{FC156EA5-1685-4E4D-8044-0475BF0BA468}.Release|Any CPU.Build.0 = Release|Any CPU
		{FC156EA5-1685-4E4D-8044-0475BF0BA468}.Release|x64.ActiveCfg = Release|Any CPU
		{FC156EA5-1685-4E4D-8044-0475BF0BA468}.Release|x64.Build.0 = Release|Any CPU
		{FC156EA5-1685-4E4D-8044-0475BF0BA468}.Release|x86.ActiveCfg = Release|Any CPU
		{FC156EA5-1685-4E4D-8044-0475BF0BA468}.Release|x86.Build.0 = Release|Any CPU
		{81A647D4-BD20-4086-93BD-B10397D6F2CD}.Debug|Any CPU.ActiveCfg = Debug|Any CPU
		{81A647D4-BD20-4086-93BD-B10397D6F2CD}.Debug|Any CPU.Build.0 = Debug|Any CPU
		{81A647D4-BD20-4086-93BD-B10397D6F2CD}.Debug|x64.ActiveCfg = Debug|Any CPU
		{81A647D4-BD20-4086-93BD-B10397D6F2CD}.Debug|x64.Build.0 = Debug|Any CPU
		{81A647D4-BD20-4086-93BD-B10397D6F2CD}.Debug|x86.ActiveCfg = Debug|Any CPU
		{81A647D4-BD20-4086-93BD-B10397D6F2CD}.Debug|x86.Build.0 = Debug|Any CPU
		{81A647D4-BD20-4086-93BD-B10397D6F2CD}.Release|Any CPU.ActiveCfg = Release|Any CPU
		{81A647D4-BD20-4086-93BD-B10397D6F2CD}.Release|Any CPU.Build.0 = Release|Any CPU
		{81A647D4-BD20-4086-93BD-B10397D6F2CD}.Release|x64.ActiveCfg = Release|Any CPU
		{81A647D4-BD20-4086-93BD-B10397D6F2CD}.Release|x64.Build.0 = Release|Any CPU
		{81A647D4-BD20-4086-93BD-B10397D6F2CD}.Release|x86.ActiveCfg = Release|Any CPU
		{81A647D4-BD20-4086-93BD-B10397D6F2CD}.Release|x86.Build.0 = Release|Any CPU
		{5FBD3DC0-C0BC-4837-8FC2-5804F06E7EA9}.Debug|Any CPU.ActiveCfg = Debug|Any CPU
		{5FBD3DC0-C0BC-4837-8FC2-5804F06E7EA9}.Debug|Any CPU.Build.0 = Debug|Any CPU
		{5FBD3DC0-C0BC-4837-8FC2-5804F06E7EA9}.Debug|x64.ActiveCfg = Debug|Any CPU
		{5FBD3DC0-C0BC-4837-8FC2-5804F06E7EA9}.Debug|x64.Build.0 = Debug|Any CPU
		{5FBD3DC0-C0BC-4837-8FC2-5804F06E7EA9}.Debug|x86.ActiveCfg = Debug|Any CPU
		{5FBD3DC0-C0BC-4837-8FC2-5804F06E7EA9}.Debug|x86.Build.0 = Debug|Any CPU
		{5FBD3DC0-C0BC-4837-8FC2-5804F06E7EA9}.Release|Any CPU.ActiveCfg = Release|Any CPU
		{5FBD3DC0-C0BC-4837-8FC2-5804F06E7EA9}.Release|Any CPU.Build.0 = Release|Any CPU
		{5FBD3DC0-C0BC-4837-8FC2-5804F06E7EA9}.Release|x64.ActiveCfg = Release|Any CPU
		{5FBD3DC0-C0BC-4837-8FC2-5804F06E7EA9}.Release|x64.Build.0 = Release|Any CPU
		{5FBD3DC0-C0BC-4837-8FC2-5804F06E7EA9}.Release|x86.ActiveCfg = Release|Any CPU
		{5FBD3DC0-C0BC-4837-8FC2-5804F06E7EA9}.Release|x86.Build.0 = Release|Any CPU
		{041BB162-449F-4D22-86DA-0927A385C77E}.Debug|Any CPU.ActiveCfg = Debug|Any CPU
		{041BB162-449F-4D22-86DA-0927A385C77E}.Debug|Any CPU.Build.0 = Debug|Any CPU
		{041BB162-449F-4D22-86DA-0927A385C77E}.Debug|x64.ActiveCfg = Debug|Any CPU
		{041BB162-449F-4D22-86DA-0927A385C77E}.Debug|x64.Build.0 = Debug|Any CPU
		{041BB162-449F-4D22-86DA-0927A385C77E}.Debug|x86.ActiveCfg = Debug|Any CPU
		{041BB162-449F-4D22-86DA-0927A385C77E}.Debug|x86.Build.0 = Debug|Any CPU
		{041BB162-449F-4D22-86DA-0927A385C77E}.Release|Any CPU.ActiveCfg = Release|Any CPU
		{041BB162-449F-4D22-86DA-0927A385C77E}.Release|Any CPU.Build.0 = Release|Any CPU
		{041BB162-449F-4D22-86DA-0927A385C77E}.Release|x64.ActiveCfg = Release|Any CPU
		{041BB162-449F-4D22-86DA-0927A385C77E}.Release|x64.Build.0 = Release|Any CPU
		{041BB162-449F-4D22-86DA-0927A385C77E}.Release|x86.ActiveCfg = Release|Any CPU
		{041BB162-449F-4D22-86DA-0927A385C77E}.Release|x86.Build.0 = Release|Any CPU
		{45DF1418-25A2-422C-98FC-0D524F2A97DE}.Debug|Any CPU.ActiveCfg = Debug|Any CPU
		{45DF1418-25A2-422C-98FC-0D524F2A97DE}.Debug|Any CPU.Build.0 = Debug|Any CPU
		{45DF1418-25A2-422C-98FC-0D524F2A97DE}.Debug|x64.ActiveCfg = Debug|Any CPU
		{45DF1418-25A2-422C-98FC-0D524F2A97DE}.Debug|x64.Build.0 = Debug|Any CPU
		{45DF1418-25A2-422C-98FC-0D524F2A97DE}.Debug|x86.ActiveCfg = Debug|Any CPU
		{45DF1418-25A2-422C-98FC-0D524F2A97DE}.Debug|x86.Build.0 = Debug|Any CPU
		{45DF1418-25A2-422C-98FC-0D524F2A97DE}.Release|Any CPU.ActiveCfg = Release|Any CPU
		{45DF1418-25A2-422C-98FC-0D524F2A97DE}.Release|Any CPU.Build.0 = Release|Any CPU
		{45DF1418-25A2-422C-98FC-0D524F2A97DE}.Release|x64.ActiveCfg = Release|Any CPU
		{45DF1418-25A2-422C-98FC-0D524F2A97DE}.Release|x64.Build.0 = Release|Any CPU
		{45DF1418-25A2-422C-98FC-0D524F2A97DE}.Release|x86.ActiveCfg = Release|Any CPU
		{45DF1418-25A2-422C-98FC-0D524F2A97DE}.Release|x86.Build.0 = Release|Any CPU
		{D8E732A5-A672-4819-8C71-EE9F93EC7889}.Debug|Any CPU.ActiveCfg = Debug|Any CPU
		{D8E732A5-A672-4819-8C71-EE9F93EC7889}.Debug|Any CPU.Build.0 = Debug|Any CPU
		{D8E732A5-A672-4819-8C71-EE9F93EC7889}.Debug|x64.ActiveCfg = Debug|Any CPU
		{D8E732A5-A672-4819-8C71-EE9F93EC7889}.Debug|x64.Build.0 = Debug|Any CPU
		{D8E732A5-A672-4819-8C71-EE9F93EC7889}.Debug|x86.ActiveCfg = Debug|Any CPU
		{D8E732A5-A672-4819-8C71-EE9F93EC7889}.Debug|x86.Build.0 = Debug|Any CPU
		{D8E732A5-A672-4819-8C71-EE9F93EC7889}.Release|Any CPU.ActiveCfg = Release|Any CPU
		{D8E732A5-A672-4819-8C71-EE9F93EC7889}.Release|Any CPU.Build.0 = Release|Any CPU
		{D8E732A5-A672-4819-8C71-EE9F93EC7889}.Release|x64.ActiveCfg = Release|Any CPU
		{D8E732A5-A672-4819-8C71-EE9F93EC7889}.Release|x64.Build.0 = Release|Any CPU
		{D8E732A5-A672-4819-8C71-EE9F93EC7889}.Release|x86.ActiveCfg = Release|Any CPU
		{D8E732A5-A672-4819-8C71-EE9F93EC7889}.Release|x86.Build.0 = Release|Any CPU
		{C022638F-36C6-4EF7-A7EA-ABEA5161F1AB}.Debug|Any CPU.ActiveCfg = Debug|Any CPU
		{C022638F-36C6-4EF7-A7EA-ABEA5161F1AB}.Debug|Any CPU.Build.0 = Debug|Any CPU
		{C022638F-36C6-4EF7-A7EA-ABEA5161F1AB}.Debug|x64.ActiveCfg = Debug|Any CPU
		{C022638F-36C6-4EF7-A7EA-ABEA5161F1AB}.Debug|x64.Build.0 = Debug|Any CPU
		{C022638F-36C6-4EF7-A7EA-ABEA5161F1AB}.Debug|x86.ActiveCfg = Debug|Any CPU
		{C022638F-36C6-4EF7-A7EA-ABEA5161F1AB}.Debug|x86.Build.0 = Debug|Any CPU
		{C022638F-36C6-4EF7-A7EA-ABEA5161F1AB}.Release|Any CPU.ActiveCfg = Release|Any CPU
		{C022638F-36C6-4EF7-A7EA-ABEA5161F1AB}.Release|Any CPU.Build.0 = Release|Any CPU
		{C022638F-36C6-4EF7-A7EA-ABEA5161F1AB}.Release|x64.ActiveCfg = Release|Any CPU
		{C022638F-36C6-4EF7-A7EA-ABEA5161F1AB}.Release|x64.Build.0 = Release|Any CPU
		{C022638F-36C6-4EF7-A7EA-ABEA5161F1AB}.Release|x86.ActiveCfg = Release|Any CPU
		{C022638F-36C6-4EF7-A7EA-ABEA5161F1AB}.Release|x86.Build.0 = Release|Any CPU
		{674E9003-1F30-4CF3-A85F-A5CD24898BB2}.Debug|Any CPU.ActiveCfg = Debug|Any CPU
		{674E9003-1F30-4CF3-A85F-A5CD24898BB2}.Debug|Any CPU.Build.0 = Debug|Any CPU
		{674E9003-1F30-4CF3-A85F-A5CD24898BB2}.Debug|x64.ActiveCfg = Debug|Any CPU
		{674E9003-1F30-4CF3-A85F-A5CD24898BB2}.Debug|x64.Build.0 = Debug|Any CPU
		{674E9003-1F30-4CF3-A85F-A5CD24898BB2}.Debug|x86.ActiveCfg = Debug|Any CPU
		{674E9003-1F30-4CF3-A85F-A5CD24898BB2}.Debug|x86.Build.0 = Debug|Any CPU
		{674E9003-1F30-4CF3-A85F-A5CD24898BB2}.Release|Any CPU.ActiveCfg = Release|Any CPU
		{674E9003-1F30-4CF3-A85F-A5CD24898BB2}.Release|Any CPU.Build.0 = Release|Any CPU
		{674E9003-1F30-4CF3-A85F-A5CD24898BB2}.Release|x64.ActiveCfg = Release|Any CPU
		{674E9003-1F30-4CF3-A85F-A5CD24898BB2}.Release|x64.Build.0 = Release|Any CPU
		{674E9003-1F30-4CF3-A85F-A5CD24898BB2}.Release|x86.ActiveCfg = Release|Any CPU
		{674E9003-1F30-4CF3-A85F-A5CD24898BB2}.Release|x86.Build.0 = Release|Any CPU
	EndGlobalSection
EndGlobal
