
Microsoft Visual Studio Solution File, Format Version 12.00
# Visual Studio 15
VisualStudioVersion = 15.0.26124.0
MinimumVisualStudioVersion = 15.0.26124.0
Project("{FAE04EC0-301F-11D3-BF4B-00C04F79EFBC}") = "Penguin.Cms.Forms.Repositories.Local", "Penguin.Cms.Forms.Repositories.Local.csproj", "{EE15CF1D-BFC0-4B8B-B778-B0A3A679FD69}"
EndProject
Project("{FAE04EC0-301F-11D3-BF4B-00C04F79EFBC}") = "Penguin.Cms.Forms.Local", "..\Penguin.Cms.Forms\Penguin.Cms.Forms.Local.csproj", "{BA64CAB0-E89E-42FF-8768-F2461E2BFADA}"
EndProject
Project("{FAE04EC0-301F-11D3-BF4B-00C04F79EFBC}") = "Penguin.Cms.Abstractions.Local", "..\Penguin.Cms.Abstractions\Penguin.Cms.Abstractions.Local.csproj", "{F77E944B-187D-4127-BBF3-8AAA0501A0CE}"
EndProject
Project("{FAE04EC0-301F-11D3-BF4B-00C04F79EFBC}") = "Penguin.DependencyInjection.Abstractions.Local", "..\Penguin.DependencyInjection.Abstractions\Penguin.DependencyInjection.Abstractions.Local.csproj", "{B27CD185-CAAA-461C-9409-DFC812C9D517}"
EndProject
Project("{FAE04EC0-301F-11D3-BF4B-00C04F79EFBC}") = "Penguin.Persistence.Abstractions.Local", "..\Penguin.Persistence.Abstractions\Penguin.Persistence.Abstractions.Local.csproj", "{CA413C3D-DF33-4643-9632-60507C36951B}"
EndProject
Project("{FAE04EC0-301F-11D3-BF4B-00C04F79EFBC}") = "Penguin.Entities.Abstractions.Local", "..\Penguin.Entities.Abstractions\Penguin.Entities.Abstractions.Local.csproj", "{0828EC9C-0060-4726-BD5B-A6DC0C1F998B}"
EndProject
Project("{FAE04EC0-301F-11D3-BF4B-00C04F79EFBC}") = "Penguin.Reflection.Extensions.Local", "..\Penguin.Reflection.Extensions\Penguin.Reflection.Extensions.Local.csproj", "{1A9338BF-E085-4B6D-B0E4-142722CFCC5F}"
EndProject
Project("{FAE04EC0-301F-11D3-BF4B-00C04F79EFBC}") = "Penguin.Extensions.String.Local", "..\Penguin.Extensions.String\Penguin.Extensions.String.Local.csproj", "{4E65D53B-9547-4F0B-A3B8-DB7F543B7134}"
EndProject
Project("{FAE04EC0-301F-11D3-BF4B-00C04F79EFBC}") = "Penguin.Reflection.Abstractions.Local", "..\Penguin.Reflection.Abstractions\Penguin.Reflection.Abstractions.Local.csproj", "{5FCD901C-EFCC-4182-A4C3-CF4B0A9BBB98}"
EndProject
Project("{FAE04EC0-301F-11D3-BF4B-00C04F79EFBC}") = "Penguin.Cms.Entities.Local", "..\Penguin.Cms.Entities\Penguin.Cms.Entities.Local.csproj", "{2A9B1765-CF15-4BB5-9728-65B85985148D}"
EndProject
Project("{FAE04EC0-301F-11D3-BF4B-00C04F79EFBC}") = "Penguin.Forms.Abstractions.Local", "..\Penguin.Forms.Abstractions\Penguin.Forms.Abstractions.Local.csproj", "{4471EB55-801F-4B14-8F6C-624389A5CD50}"
EndProject
Project("{FAE04EC0-301F-11D3-BF4B-00C04F79EFBC}") = "Penguin.Cms.Repositories.Local", "..\Penguin.Cms.Repositories\Penguin.Cms.Repositories.Local.csproj", "{C868D872-F25C-4862-ADEC-FB2EB203A716}"
EndProject
Project("{FAE04EC0-301F-11D3-BF4B-00C04F79EFBC}") = "Penguin.Messaging.Core.Local", "..\Penguin.Messaging.Core\Penguin.Messaging.Core.Local.csproj", "{6D617222-D6AF-4E71-B73A-F20583F108B7}"
EndProject
Project("{FAE04EC0-301F-11D3-BF4B-00C04F79EFBC}") = "Penguin.Debugging.Local", "..\Penguin.Debugging\Penguin.Debugging.Local.csproj", "{B8C823F0-DCA7-4904-962D-6C3180350BF7}"
EndProject
Project("{FAE04EC0-301F-11D3-BF4B-00C04F79EFBC}") = "Penguin.Extensions.Exceptions.Local", "..\Penguin.Extensions.Exceptions\Penguin.Extensions.Exceptions.Local.csproj", "{689EEE47-F0B1-4A99-BC36-3F8EDBF6EB88}"
EndProject
Project("{FAE04EC0-301F-11D3-BF4B-00C04F79EFBC}") = "Penguin.Messaging.Abstractions.Local", "..\Penguin.Messaging.Abstractions\Penguin.Messaging.Abstractions.Local.csproj", "{4A1E0A11-DDCC-43DA-A468-B925C622FD39}"
EndProject
Project("{FAE04EC0-301F-11D3-BF4B-00C04F79EFBC}") = "Penguin.Persistence.Repositories.Local", "..\Penguin.Persistence.Repositories\Penguin.Persistence.Repositories.Local.csproj", "{517D3BDC-CDA2-40E5-BDF0-5B6C7F3B208F}"
EndProject
Project("{FAE04EC0-301F-11D3-BF4B-00C04F79EFBC}") = "Penguin.Messaging.Persistence.Local", "..\Penguin.Messaging.Persistence\Penguin.Messaging.Persistence.Local.csproj", "{AB861354-85F7-4964-94A4-3FC5C372F2D0}"
EndProject
Project("{FAE04EC0-301F-11D3-BF4B-00C04F79EFBC}") = "Penguin.Reflection.Local", "..\Penguin.Reflection\Penguin.Reflection.Local.csproj", "{2F2FA93E-20CE-4D2E-87BB-9F5CB9B2753B}"
EndProject
Project("{FAE04EC0-301F-11D3-BF4B-00C04F79EFBC}") = "Penguin.Security.Abstractions.Local", "..\Penguin.Security.Abstractions\Penguin.Security.Abstractions.Local.csproj", "{E0ACA6E8-4429-466E-8669-FF23D3569194}"
EndProject
Global
	GlobalSection(SolutionConfigurationPlatforms) = preSolution
		Debug|Any CPU = Debug|Any CPU
		Debug|x64 = Debug|x64
		Debug|x86 = Debug|x86
		Release|Any CPU = Release|Any CPU
		Release|x64 = Release|x64
		Release|x86 = Release|x86
	EndGlobalSection
	GlobalSection(SolutionProperties) = preSolution
		HideSolutionNode = FALSE
	EndGlobalSection
	GlobalSection(ProjectConfigurationPlatforms) = postSolution
		{EE15CF1D-BFC0-4B8B-B778-B0A3A679FD69}.Debug|Any CPU.ActiveCfg = Debug|Any CPU
		{EE15CF1D-BFC0-4B8B-B778-B0A3A679FD69}.Debug|Any CPU.Build.0 = Debug|Any CPU
		{EE15CF1D-BFC0-4B8B-B778-B0A3A679FD69}.Debug|x64.ActiveCfg = Debug|Any CPU
		{EE15CF1D-BFC0-4B8B-B778-B0A3A679FD69}.Debug|x64.Build.0 = Debug|Any CPU
		{EE15CF1D-BFC0-4B8B-B778-B0A3A679FD69}.Debug|x86.ActiveCfg = Debug|Any CPU
		{EE15CF1D-BFC0-4B8B-B778-B0A3A679FD69}.Debug|x86.Build.0 = Debug|Any CPU
		{EE15CF1D-BFC0-4B8B-B778-B0A3A679FD69}.Release|Any CPU.ActiveCfg = Release|Any CPU
		{EE15CF1D-BFC0-4B8B-B778-B0A3A679FD69}.Release|Any CPU.Build.0 = Release|Any CPU
		{EE15CF1D-BFC0-4B8B-B778-B0A3A679FD69}.Release|x64.ActiveCfg = Release|Any CPU
		{EE15CF1D-BFC0-4B8B-B778-B0A3A679FD69}.Release|x64.Build.0 = Release|Any CPU
		{EE15CF1D-BFC0-4B8B-B778-B0A3A679FD69}.Release|x86.ActiveCfg = Release|Any CPU
		{EE15CF1D-BFC0-4B8B-B778-B0A3A679FD69}.Release|x86.Build.0 = Release|Any CPU
		{BA64CAB0-E89E-42FF-8768-F2461E2BFADA}.Debug|Any CPU.ActiveCfg = Debug|Any CPU
		{BA64CAB0-E89E-42FF-8768-F2461E2BFADA}.Debug|Any CPU.Build.0 = Debug|Any CPU
		{BA64CAB0-E89E-42FF-8768-F2461E2BFADA}.Debug|x64.ActiveCfg = Debug|Any CPU
		{BA64CAB0-E89E-42FF-8768-F2461E2BFADA}.Debug|x64.Build.0 = Debug|Any CPU
		{BA64CAB0-E89E-42FF-8768-F2461E2BFADA}.Debug|x86.ActiveCfg = Debug|Any CPU
		{BA64CAB0-E89E-42FF-8768-F2461E2BFADA}.Debug|x86.Build.0 = Debug|Any CPU
		{BA64CAB0-E89E-42FF-8768-F2461E2BFADA}.Release|Any CPU.ActiveCfg = Release|Any CPU
		{BA64CAB0-E89E-42FF-8768-F2461E2BFADA}.Release|Any CPU.Build.0 = Release|Any CPU
		{BA64CAB0-E89E-42FF-8768-F2461E2BFADA}.Release|x64.ActiveCfg = Release|Any CPU
		{BA64CAB0-E89E-42FF-8768-F2461E2BFADA}.Release|x64.Build.0 = Release|Any CPU
		{BA64CAB0-E89E-42FF-8768-F2461E2BFADA}.Release|x86.ActiveCfg = Release|Any CPU
		{BA64CAB0-E89E-42FF-8768-F2461E2BFADA}.Release|x86.Build.0 = Release|Any CPU
		{F77E944B-187D-4127-BBF3-8AAA0501A0CE}.Debug|Any CPU.ActiveCfg = Debug|Any CPU
		{F77E944B-187D-4127-BBF3-8AAA0501A0CE}.Debug|Any CPU.Build.0 = Debug|Any CPU
		{F77E944B-187D-4127-BBF3-8AAA0501A0CE}.Debug|x64.ActiveCfg = Debug|Any CPU
		{F77E944B-187D-4127-BBF3-8AAA0501A0CE}.Debug|x64.Build.0 = Debug|Any CPU
		{F77E944B-187D-4127-BBF3-8AAA0501A0CE}.Debug|x86.ActiveCfg = Debug|Any CPU
		{F77E944B-187D-4127-BBF3-8AAA0501A0CE}.Debug|x86.Build.0 = Debug|Any CPU
		{F77E944B-187D-4127-BBF3-8AAA0501A0CE}.Release|Any CPU.ActiveCfg = Release|Any CPU
		{F77E944B-187D-4127-BBF3-8AAA0501A0CE}.Release|Any CPU.Build.0 = Release|Any CPU
		{F77E944B-187D-4127-BBF3-8AAA0501A0CE}.Release|x64.ActiveCfg = Release|Any CPU
		{F77E944B-187D-4127-BBF3-8AAA0501A0CE}.Release|x64.Build.0 = Release|Any CPU
		{F77E944B-187D-4127-BBF3-8AAA0501A0CE}.Release|x86.ActiveCfg = Release|Any CPU
		{F77E944B-187D-4127-BBF3-8AAA0501A0CE}.Release|x86.Build.0 = Release|Any CPU
		{B27CD185-CAAA-461C-9409-DFC812C9D517}.Debug|Any CPU.ActiveCfg = Debug|Any CPU
		{B27CD185-CAAA-461C-9409-DFC812C9D517}.Debug|Any CPU.Build.0 = Debug|Any CPU
		{B27CD185-CAAA-461C-9409-DFC812C9D517}.Debug|x64.ActiveCfg = Debug|Any CPU
		{B27CD185-CAAA-461C-9409-DFC812C9D517}.Debug|x64.Build.0 = Debug|Any CPU
		{B27CD185-CAAA-461C-9409-DFC812C9D517}.Debug|x86.ActiveCfg = Debug|Any CPU
		{B27CD185-CAAA-461C-9409-DFC812C9D517}.Debug|x86.Build.0 = Debug|Any CPU
		{B27CD185-CAAA-461C-9409-DFC812C9D517}.Release|Any CPU.ActiveCfg = Release|Any CPU
		{B27CD185-CAAA-461C-9409-DFC812C9D517}.Release|Any CPU.Build.0 = Release|Any CPU
		{B27CD185-CAAA-461C-9409-DFC812C9D517}.Release|x64.ActiveCfg = Release|Any CPU
		{B27CD185-CAAA-461C-9409-DFC812C9D517}.Release|x64.Build.0 = Release|Any CPU
		{B27CD185-CAAA-461C-9409-DFC812C9D517}.Release|x86.ActiveCfg = Release|Any CPU
		{B27CD185-CAAA-461C-9409-DFC812C9D517}.Release|x86.Build.0 = Release|Any CPU
		{CA413C3D-DF33-4643-9632-60507C36951B}.Debug|Any CPU.ActiveCfg = Debug|Any CPU
		{CA413C3D-DF33-4643-9632-60507C36951B}.Debug|Any CPU.Build.0 = Debug|Any CPU
		{CA413C3D-DF33-4643-9632-60507C36951B}.Debug|x64.ActiveCfg = Debug|Any CPU
		{CA413C3D-DF33-4643-9632-60507C36951B}.Debug|x64.Build.0 = Debug|Any CPU
		{CA413C3D-DF33-4643-9632-60507C36951B}.Debug|x86.ActiveCfg = Debug|Any CPU
		{CA413C3D-DF33-4643-9632-60507C36951B}.Debug|x86.Build.0 = Debug|Any CPU
		{CA413C3D-DF33-4643-9632-60507C36951B}.Release|Any CPU.ActiveCfg = Release|Any CPU
		{CA413C3D-DF33-4643-9632-60507C36951B}.Release|Any CPU.Build.0 = Release|Any CPU
		{CA413C3D-DF33-4643-9632-60507C36951B}.Release|x64.ActiveCfg = Release|Any CPU
		{CA413C3D-DF33-4643-9632-60507C36951B}.Release|x64.Build.0 = Release|Any CPU
		{CA413C3D-DF33-4643-9632-60507C36951B}.Release|x86.ActiveCfg = Release|Any CPU
		{CA413C3D-DF33-4643-9632-60507C36951B}.Release|x86.Build.0 = Release|Any CPU
		{0828EC9C-0060-4726-BD5B-A6DC0C1F998B}.Debug|Any CPU.ActiveCfg = Debug|Any CPU
		{0828EC9C-0060-4726-BD5B-A6DC0C1F998B}.Debug|Any CPU.Build.0 = Debug|Any CPU
		{0828EC9C-0060-4726-BD5B-A6DC0C1F998B}.Debug|x64.ActiveCfg = Debug|Any CPU
		{0828EC9C-0060-4726-BD5B-A6DC0C1F998B}.Debug|x64.Build.0 = Debug|Any CPU
		{0828EC9C-0060-4726-BD5B-A6DC0C1F998B}.Debug|x86.ActiveCfg = Debug|Any CPU
		{0828EC9C-0060-4726-BD5B-A6DC0C1F998B}.Debug|x86.Build.0 = Debug|Any CPU
		{0828EC9C-0060-4726-BD5B-A6DC0C1F998B}.Release|Any CPU.ActiveCfg = Release|Any CPU
		{0828EC9C-0060-4726-BD5B-A6DC0C1F998B}.Release|Any CPU.Build.0 = Release|Any CPU
		{0828EC9C-0060-4726-BD5B-A6DC0C1F998B}.Release|x64.ActiveCfg = Release|Any CPU
		{0828EC9C-0060-4726-BD5B-A6DC0C1F998B}.Release|x64.Build.0 = Release|Any CPU
		{0828EC9C-0060-4726-BD5B-A6DC0C1F998B}.Release|x86.ActiveCfg = Release|Any CPU
		{0828EC9C-0060-4726-BD5B-A6DC0C1F998B}.Release|x86.Build.0 = Release|Any CPU
		{1A9338BF-E085-4B6D-B0E4-142722CFCC5F}.Debug|Any CPU.ActiveCfg = Debug|Any CPU
		{1A9338BF-E085-4B6D-B0E4-142722CFCC5F}.Debug|Any CPU.Build.0 = Debug|Any CPU
		{1A9338BF-E085-4B6D-B0E4-142722CFCC5F}.Debug|x64.ActiveCfg = Debug|Any CPU
		{1A9338BF-E085-4B6D-B0E4-142722CFCC5F}.Debug|x64.Build.0 = Debug|Any CPU
		{1A9338BF-E085-4B6D-B0E4-142722CFCC5F}.Debug|x86.ActiveCfg = Debug|Any CPU
		{1A9338BF-E085-4B6D-B0E4-142722CFCC5F}.Debug|x86.Build.0 = Debug|Any CPU
		{1A9338BF-E085-4B6D-B0E4-142722CFCC5F}.Release|Any CPU.ActiveCfg = Release|Any CPU
		{1A9338BF-E085-4B6D-B0E4-142722CFCC5F}.Release|Any CPU.Build.0 = Release|Any CPU
		{1A9338BF-E085-4B6D-B0E4-142722CFCC5F}.Release|x64.ActiveCfg = Release|Any CPU
		{1A9338BF-E085-4B6D-B0E4-142722CFCC5F}.Release|x64.Build.0 = Release|Any CPU
		{1A9338BF-E085-4B6D-B0E4-142722CFCC5F}.Release|x86.ActiveCfg = Release|Any CPU
		{1A9338BF-E085-4B6D-B0E4-142722CFCC5F}.Release|x86.Build.0 = Release|Any CPU
		{4E65D53B-9547-4F0B-A3B8-DB7F543B7134}.Debug|Any CPU.ActiveCfg = Debug|Any CPU
		{4E65D53B-9547-4F0B-A3B8-DB7F543B7134}.Debug|Any CPU.Build.0 = Debug|Any CPU
		{4E65D53B-9547-4F0B-A3B8-DB7F543B7134}.Debug|x64.ActiveCfg = Debug|Any CPU
		{4E65D53B-9547-4F0B-A3B8-DB7F543B7134}.Debug|x64.Build.0 = Debug|Any CPU
		{4E65D53B-9547-4F0B-A3B8-DB7F543B7134}.Debug|x86.ActiveCfg = Debug|Any CPU
		{4E65D53B-9547-4F0B-A3B8-DB7F543B7134}.Debug|x86.Build.0 = Debug|Any CPU
		{4E65D53B-9547-4F0B-A3B8-DB7F543B7134}.Release|Any CPU.ActiveCfg = Release|Any CPU
		{4E65D53B-9547-4F0B-A3B8-DB7F543B7134}.Release|Any CPU.Build.0 = Release|Any CPU
		{4E65D53B-9547-4F0B-A3B8-DB7F543B7134}.Release|x64.ActiveCfg = Release|Any CPU
		{4E65D53B-9547-4F0B-A3B8-DB7F543B7134}.Release|x64.Build.0 = Release|Any CPU
		{4E65D53B-9547-4F0B-A3B8-DB7F543B7134}.Release|x86.ActiveCfg = Release|Any CPU
		{4E65D53B-9547-4F0B-A3B8-DB7F543B7134}.Release|x86.Build.0 = Release|Any CPU
		{5FCD901C-EFCC-4182-A4C3-CF4B0A9BBB98}.Debug|Any CPU.ActiveCfg = Debug|Any CPU
		{5FCD901C-EFCC-4182-A4C3-CF4B0A9BBB98}.Debug|Any CPU.Build.0 = Debug|Any CPU
		{5FCD901C-EFCC-4182-A4C3-CF4B0A9BBB98}.Debug|x64.ActiveCfg = Debug|Any CPU
		{5FCD901C-EFCC-4182-A4C3-CF4B0A9BBB98}.Debug|x64.Build.0 = Debug|Any CPU
		{5FCD901C-EFCC-4182-A4C3-CF4B0A9BBB98}.Debug|x86.ActiveCfg = Debug|Any CPU
		{5FCD901C-EFCC-4182-A4C3-CF4B0A9BBB98}.Debug|x86.Build.0 = Debug|Any CPU
		{5FCD901C-EFCC-4182-A4C3-CF4B0A9BBB98}.Release|Any CPU.ActiveCfg = Release|Any CPU
		{5FCD901C-EFCC-4182-A4C3-CF4B0A9BBB98}.Release|Any CPU.Build.0 = Release|Any CPU
		{5FCD901C-EFCC-4182-A4C3-CF4B0A9BBB98}.Release|x64.ActiveCfg = Release|Any CPU
		{5FCD901C-EFCC-4182-A4C3-CF4B0A9BBB98}.Release|x64.Build.0 = Release|Any CPU
		{5FCD901C-EFCC-4182-A4C3-CF4B0A9BBB98}.Release|x86.ActiveCfg = Release|Any CPU
		{5FCD901C-EFCC-4182-A4C3-CF4B0A9BBB98}.Release|x86.Build.0 = Release|Any CPU
		{2A9B1765-CF15-4BB5-9728-65B85985148D}.Debug|Any CPU.ActiveCfg = Debug|Any CPU
		{2A9B1765-CF15-4BB5-9728-65B85985148D}.Debug|Any CPU.Build.0 = Debug|Any CPU
		{2A9B1765-CF15-4BB5-9728-65B85985148D}.Debug|x64.ActiveCfg = Debug|Any CPU
		{2A9B1765-CF15-4BB5-9728-65B85985148D}.Debug|x64.Build.0 = Debug|Any CPU
		{2A9B1765-CF15-4BB5-9728-65B85985148D}.Debug|x86.ActiveCfg = Debug|Any CPU
		{2A9B1765-CF15-4BB5-9728-65B85985148D}.Debug|x86.Build.0 = Debug|Any CPU
		{2A9B1765-CF15-4BB5-9728-65B85985148D}.Release|Any CPU.ActiveCfg = Release|Any CPU
		{2A9B1765-CF15-4BB5-9728-65B85985148D}.Release|Any CPU.Build.0 = Release|Any CPU
		{2A9B1765-CF15-4BB5-9728-65B85985148D}.Release|x64.ActiveCfg = Release|Any CPU
		{2A9B1765-CF15-4BB5-9728-65B85985148D}.Release|x64.Build.0 = Release|Any CPU
		{2A9B1765-CF15-4BB5-9728-65B85985148D}.Release|x86.ActiveCfg = Release|Any CPU
		{2A9B1765-CF15-4BB5-9728-65B85985148D}.Release|x86.Build.0 = Release|Any CPU
		{4471EB55-801F-4B14-8F6C-624389A5CD50}.Debug|Any CPU.ActiveCfg = Debug|Any CPU
		{4471EB55-801F-4B14-8F6C-624389A5CD50}.Debug|Any CPU.Build.0 = Debug|Any CPU
		{4471EB55-801F-4B14-8F6C-624389A5CD50}.Debug|x64.ActiveCfg = Debug|Any CPU
		{4471EB55-801F-4B14-8F6C-624389A5CD50}.Debug|x64.Build.0 = Debug|Any CPU
		{4471EB55-801F-4B14-8F6C-624389A5CD50}.Debug|x86.ActiveCfg = Debug|Any CPU
		{4471EB55-801F-4B14-8F6C-624389A5CD50}.Debug|x86.Build.0 = Debug|Any CPU
		{4471EB55-801F-4B14-8F6C-624389A5CD50}.Release|Any CPU.ActiveCfg = Release|Any CPU
		{4471EB55-801F-4B14-8F6C-624389A5CD50}.Release|Any CPU.Build.0 = Release|Any CPU
		{4471EB55-801F-4B14-8F6C-624389A5CD50}.Release|x64.ActiveCfg = Release|Any CPU
		{4471EB55-801F-4B14-8F6C-624389A5CD50}.Release|x64.Build.0 = Release|Any CPU
		{4471EB55-801F-4B14-8F6C-624389A5CD50}.Release|x86.ActiveCfg = Release|Any CPU
		{4471EB55-801F-4B14-8F6C-624389A5CD50}.Release|x86.Build.0 = Release|Any CPU
		{C868D872-F25C-4862-ADEC-FB2EB203A716}.Debug|Any CPU.ActiveCfg = Debug|Any CPU
		{C868D872-F25C-4862-ADEC-FB2EB203A716}.Debug|Any CPU.Build.0 = Debug|Any CPU
		{C868D872-F25C-4862-ADEC-FB2EB203A716}.Debug|x64.ActiveCfg = Debug|Any CPU
		{C868D872-F25C-4862-ADEC-FB2EB203A716}.Debug|x64.Build.0 = Debug|Any CPU
		{C868D872-F25C-4862-ADEC-FB2EB203A716}.Debug|x86.ActiveCfg = Debug|Any CPU
		{C868D872-F25C-4862-ADEC-FB2EB203A716}.Debug|x86.Build.0 = Debug|Any CPU
		{C868D872-F25C-4862-ADEC-FB2EB203A716}.Release|Any CPU.ActiveCfg = Release|Any CPU
		{C868D872-F25C-4862-ADEC-FB2EB203A716}.Release|Any CPU.Build.0 = Release|Any CPU
		{C868D872-F25C-4862-ADEC-FB2EB203A716}.Release|x64.ActiveCfg = Release|Any CPU
		{C868D872-F25C-4862-ADEC-FB2EB203A716}.Release|x64.Build.0 = Release|Any CPU
		{C868D872-F25C-4862-ADEC-FB2EB203A716}.Release|x86.ActiveCfg = Release|Any CPU
		{C868D872-F25C-4862-ADEC-FB2EB203A716}.Release|x86.Build.0 = Release|Any CPU
		{6D617222-D6AF-4E71-B73A-F20583F108B7}.Debug|Any CPU.ActiveCfg = Debug|Any CPU
		{6D617222-D6AF-4E71-B73A-F20583F108B7}.Debug|Any CPU.Build.0 = Debug|Any CPU
		{6D617222-D6AF-4E71-B73A-F20583F108B7}.Debug|x64.ActiveCfg = Debug|Any CPU
		{6D617222-D6AF-4E71-B73A-F20583F108B7}.Debug|x64.Build.0 = Debug|Any CPU
		{6D617222-D6AF-4E71-B73A-F20583F108B7}.Debug|x86.ActiveCfg = Debug|Any CPU
		{6D617222-D6AF-4E71-B73A-F20583F108B7}.Debug|x86.Build.0 = Debug|Any CPU
		{6D617222-D6AF-4E71-B73A-F20583F108B7}.Release|Any CPU.ActiveCfg = Release|Any CPU
		{6D617222-D6AF-4E71-B73A-F20583F108B7}.Release|Any CPU.Build.0 = Release|Any CPU
		{6D617222-D6AF-4E71-B73A-F20583F108B7}.Release|x64.ActiveCfg = Release|Any CPU
		{6D617222-D6AF-4E71-B73A-F20583F108B7}.Release|x64.Build.0 = Release|Any CPU
		{6D617222-D6AF-4E71-B73A-F20583F108B7}.Release|x86.ActiveCfg = Release|Any CPU
		{6D617222-D6AF-4E71-B73A-F20583F108B7}.Release|x86.Build.0 = Release|Any CPU
		{B8C823F0-DCA7-4904-962D-6C3180350BF7}.Debug|Any CPU.ActiveCfg = Debug|Any CPU
		{B8C823F0-DCA7-4904-962D-6C3180350BF7}.Debug|Any CPU.Build.0 = Debug|Any CPU
		{B8C823F0-DCA7-4904-962D-6C3180350BF7}.Debug|x64.ActiveCfg = Debug|Any CPU
		{B8C823F0-DCA7-4904-962D-6C3180350BF7}.Debug|x64.Build.0 = Debug|Any CPU
		{B8C823F0-DCA7-4904-962D-6C3180350BF7}.Debug|x86.ActiveCfg = Debug|Any CPU
		{B8C823F0-DCA7-4904-962D-6C3180350BF7}.Debug|x86.Build.0 = Debug|Any CPU
		{B8C823F0-DCA7-4904-962D-6C3180350BF7}.Release|Any CPU.ActiveCfg = Release|Any CPU
		{B8C823F0-DCA7-4904-962D-6C3180350BF7}.Release|Any CPU.Build.0 = Release|Any CPU
		{B8C823F0-DCA7-4904-962D-6C3180350BF7}.Release|x64.ActiveCfg = Release|Any CPU
		{B8C823F0-DCA7-4904-962D-6C3180350BF7}.Release|x64.Build.0 = Release|Any CPU
		{B8C823F0-DCA7-4904-962D-6C3180350BF7}.Release|x86.ActiveCfg = Release|Any CPU
		{B8C823F0-DCA7-4904-962D-6C3180350BF7}.Release|x86.Build.0 = Release|Any CPU
		{689EEE47-F0B1-4A99-BC36-3F8EDBF6EB88}.Debug|Any CPU.ActiveCfg = Debug|Any CPU
		{689EEE47-F0B1-4A99-BC36-3F8EDBF6EB88}.Debug|Any CPU.Build.0 = Debug|Any CPU
		{689EEE47-F0B1-4A99-BC36-3F8EDBF6EB88}.Debug|x64.ActiveCfg = Debug|Any CPU
		{689EEE47-F0B1-4A99-BC36-3F8EDBF6EB88}.Debug|x64.Build.0 = Debug|Any CPU
		{689EEE47-F0B1-4A99-BC36-3F8EDBF6EB88}.Debug|x86.ActiveCfg = Debug|Any CPU
		{689EEE47-F0B1-4A99-BC36-3F8EDBF6EB88}.Debug|x86.Build.0 = Debug|Any CPU
		{689EEE47-F0B1-4A99-BC36-3F8EDBF6EB88}.Release|Any CPU.ActiveCfg = Release|Any CPU
		{689EEE47-F0B1-4A99-BC36-3F8EDBF6EB88}.Release|Any CPU.Build.0 = Release|Any CPU
		{689EEE47-F0B1-4A99-BC36-3F8EDBF6EB88}.Release|x64.ActiveCfg = Release|Any CPU
		{689EEE47-F0B1-4A99-BC36-3F8EDBF6EB88}.Release|x64.Build.0 = Release|Any CPU
		{689EEE47-F0B1-4A99-BC36-3F8EDBF6EB88}.Release|x86.ActiveCfg = Release|Any CPU
		{689EEE47-F0B1-4A99-BC36-3F8EDBF6EB88}.Release|x86.Build.0 = Release|Any CPU
		{4A1E0A11-DDCC-43DA-A468-B925C622FD39}.Debug|Any CPU.ActiveCfg = Debug|Any CPU
		{4A1E0A11-DDCC-43DA-A468-B925C622FD39}.Debug|Any CPU.Build.0 = Debug|Any CPU
		{4A1E0A11-DDCC-43DA-A468-B925C622FD39}.Debug|x64.ActiveCfg = Debug|Any CPU
		{4A1E0A11-DDCC-43DA-A468-B925C622FD39}.Debug|x64.Build.0 = Debug|Any CPU
		{4A1E0A11-DDCC-43DA-A468-B925C622FD39}.Debug|x86.ActiveCfg = Debug|Any CPU
		{4A1E0A11-DDCC-43DA-A468-B925C622FD39}.Debug|x86.Build.0 = Debug|Any CPU
		{4A1E0A11-DDCC-43DA-A468-B925C622FD39}.Release|Any CPU.ActiveCfg = Release|Any CPU
		{4A1E0A11-DDCC-43DA-A468-B925C622FD39}.Release|Any CPU.Build.0 = Release|Any CPU
		{4A1E0A11-DDCC-43DA-A468-B925C622FD39}.Release|x64.ActiveCfg = Release|Any CPU
		{4A1E0A11-DDCC-43DA-A468-B925C622FD39}.Release|x64.Build.0 = Release|Any CPU
		{4A1E0A11-DDCC-43DA-A468-B925C622FD39}.Release|x86.ActiveCfg = Release|Any CPU
		{4A1E0A11-DDCC-43DA-A468-B925C622FD39}.Release|x86.Build.0 = Release|Any CPU
		{517D3BDC-CDA2-40E5-BDF0-5B6C7F3B208F}.Debug|Any CPU.ActiveCfg = Debug|Any CPU
		{517D3BDC-CDA2-40E5-BDF0-5B6C7F3B208F}.Debug|Any CPU.Build.0 = Debug|Any CPU
		{517D3BDC-CDA2-40E5-BDF0-5B6C7F3B208F}.Debug|x64.ActiveCfg = Debug|Any CPU
		{517D3BDC-CDA2-40E5-BDF0-5B6C7F3B208F}.Debug|x64.Build.0 = Debug|Any CPU
		{517D3BDC-CDA2-40E5-BDF0-5B6C7F3B208F}.Debug|x86.ActiveCfg = Debug|Any CPU
		{517D3BDC-CDA2-40E5-BDF0-5B6C7F3B208F}.Debug|x86.Build.0 = Debug|Any CPU
		{517D3BDC-CDA2-40E5-BDF0-5B6C7F3B208F}.Release|Any CPU.ActiveCfg = Release|Any CPU
		{517D3BDC-CDA2-40E5-BDF0-5B6C7F3B208F}.Release|Any CPU.Build.0 = Release|Any CPU
		{517D3BDC-CDA2-40E5-BDF0-5B6C7F3B208F}.Release|x64.ActiveCfg = Release|Any CPU
		{517D3BDC-CDA2-40E5-BDF0-5B6C7F3B208F}.Release|x64.Build.0 = Release|Any CPU
		{517D3BDC-CDA2-40E5-BDF0-5B6C7F3B208F}.Release|x86.ActiveCfg = Release|Any CPU
		{517D3BDC-CDA2-40E5-BDF0-5B6C7F3B208F}.Release|x86.Build.0 = Release|Any CPU
		{AB861354-85F7-4964-94A4-3FC5C372F2D0}.Debug|Any CPU.ActiveCfg = Debug|Any CPU
		{AB861354-85F7-4964-94A4-3FC5C372F2D0}.Debug|Any CPU.Build.0 = Debug|Any CPU
		{AB861354-85F7-4964-94A4-3FC5C372F2D0}.Debug|x64.ActiveCfg = Debug|Any CPU
		{AB861354-85F7-4964-94A4-3FC5C372F2D0}.Debug|x64.Build.0 = Debug|Any CPU
		{AB861354-85F7-4964-94A4-3FC5C372F2D0}.Debug|x86.ActiveCfg = Debug|Any CPU
		{AB861354-85F7-4964-94A4-3FC5C372F2D0}.Debug|x86.Build.0 = Debug|Any CPU
		{AB861354-85F7-4964-94A4-3FC5C372F2D0}.Release|Any CPU.ActiveCfg = Release|Any CPU
		{AB861354-85F7-4964-94A4-3FC5C372F2D0}.Release|Any CPU.Build.0 = Release|Any CPU
		{AB861354-85F7-4964-94A4-3FC5C372F2D0}.Release|x64.ActiveCfg = Release|Any CPU
		{AB861354-85F7-4964-94A4-3FC5C372F2D0}.Release|x64.Build.0 = Release|Any CPU
		{AB861354-85F7-4964-94A4-3FC5C372F2D0}.Release|x86.ActiveCfg = Release|Any CPU
		{AB861354-85F7-4964-94A4-3FC5C372F2D0}.Release|x86.Build.0 = Release|Any CPU
		{2F2FA93E-20CE-4D2E-87BB-9F5CB9B2753B}.Debug|Any CPU.ActiveCfg = Debug|Any CPU
		{2F2FA93E-20CE-4D2E-87BB-9F5CB9B2753B}.Debug|Any CPU.Build.0 = Debug|Any CPU
		{2F2FA93E-20CE-4D2E-87BB-9F5CB9B2753B}.Debug|x64.ActiveCfg = Debug|Any CPU
		{2F2FA93E-20CE-4D2E-87BB-9F5CB9B2753B}.Debug|x64.Build.0 = Debug|Any CPU
		{2F2FA93E-20CE-4D2E-87BB-9F5CB9B2753B}.Debug|x86.ActiveCfg = Debug|Any CPU
		{2F2FA93E-20CE-4D2E-87BB-9F5CB9B2753B}.Debug|x86.Build.0 = Debug|Any CPU
		{2F2FA93E-20CE-4D2E-87BB-9F5CB9B2753B}.Release|Any CPU.ActiveCfg = Release|Any CPU
		{2F2FA93E-20CE-4D2E-87BB-9F5CB9B2753B}.Release|Any CPU.Build.0 = Release|Any CPU
		{2F2FA93E-20CE-4D2E-87BB-9F5CB9B2753B}.Release|x64.ActiveCfg = Release|Any CPU
		{2F2FA93E-20CE-4D2E-87BB-9F5CB9B2753B}.Release|x64.Build.0 = Release|Any CPU
		{2F2FA93E-20CE-4D2E-87BB-9F5CB9B2753B}.Release|x86.ActiveCfg = Release|Any CPU
		{2F2FA93E-20CE-4D2E-87BB-9F5CB9B2753B}.Release|x86.Build.0 = Release|Any CPU
		{E0ACA6E8-4429-466E-8669-FF23D3569194}.Debug|Any CPU.ActiveCfg = Debug|Any CPU
		{E0ACA6E8-4429-466E-8669-FF23D3569194}.Debug|Any CPU.Build.0 = Debug|Any CPU
		{E0ACA6E8-4429-466E-8669-FF23D3569194}.Debug|x64.ActiveCfg = Debug|Any CPU
		{E0ACA6E8-4429-466E-8669-FF23D3569194}.Debug|x64.Build.0 = Debug|Any CPU
		{E0ACA6E8-4429-466E-8669-FF23D3569194}.Debug|x86.ActiveCfg = Debug|Any CPU
		{E0ACA6E8-4429-466E-8669-FF23D3569194}.Debug|x86.Build.0 = Debug|Any CPU
		{E0ACA6E8-4429-466E-8669-FF23D3569194}.Release|Any CPU.ActiveCfg = Release|Any CPU
		{E0ACA6E8-4429-466E-8669-FF23D3569194}.Release|Any CPU.Build.0 = Release|Any CPU
		{E0ACA6E8-4429-466E-8669-FF23D3569194}.Release|x64.ActiveCfg = Release|Any CPU
		{E0ACA6E8-4429-466E-8669-FF23D3569194}.Release|x64.Build.0 = Release|Any CPU
		{E0ACA6E8-4429-466E-8669-FF23D3569194}.Release|x86.ActiveCfg = Release|Any CPU
		{E0ACA6E8-4429-466E-8669-FF23D3569194}.Release|x86.Build.0 = Release|Any CPU
	EndGlobalSection
EndGlobal
